
Microsoft Visual Studio Solution File, Format Version 12.00
# Visual Studio Version 16
VisualStudioVersion = 16.0.31025.194
MinimumVisualStudioVersion = 10.0.40219.1
Project("{FAE04EC0-301F-11D3-BF4B-00C04F79EFBC}") = "UserRegisatration", "UserRegisatration\UserRegisatration.csproj", "{6457EABE-7215-401D-8FF2-053C9994EE3E}"
EndProject
Global
	GlobalSection(SolutionConfigurationPlatforms) = preSolution
		Debug|Any CPU = Debug|Any CPU
		Release|Any CPU = Release|Any CPU
	EndGlobalSection
	GlobalSection(ProjectConfigurationPlatforms) = postSolution
		{6457EABE-7215-401D-8FF2-053C9994EE3E}.Debug|Any CPU.ActiveCfg = Debug|Any CPU
		{6457EABE-7215-401D-8FF2-053C9994EE3E}.Debug|Any CPU.Build.0 = Debug|Any CPU
		{6457EABE-7215-401D-8FF2-053C9994EE3E}.Release|Any CPU.ActiveCfg = Release|Any CPU
		{6457EABE-7215-401D-8FF2-053C9994EE3E}.Release|Any CPU.Build.0 = Release|Any CPU
	EndGlobalSection
	GlobalSection(SolutionProperties) = preSolution
		HideSolutionNode = FALSE
	EndGlobalSection
	GlobalSection(ExtensibilityGlobals) = postSolution
		SolutionGuid = {726769AA-67C8-45C3-967F-2C409DB79D91}
	EndGlobalSection
EndGlobal
